
Microsoft Visual Studio Solution File, Format Version 12.00
# Visual Studio Version 16
VisualStudioVersion = 16.0.30804.86
MinimumVisualStudioVersion = 10.0.40219.1
Project("{FAE04EC0-301F-11D3-BF4B-00C04F79EFBC}") = "Lab8GetToKnowClassmates", "Lab8GetToKnowClassmates\Lab8GetToKnowClassmates.csproj", "{209F3940-7A5E-4347-BA0F-9A4E6D69FF6F}"
EndProject
Global
	GlobalSection(SolutionConfigurationPlatforms) = preSolution
		Debug|Any CPU = Debug|Any CPU
		Release|Any CPU = Release|Any CPU
	EndGlobalSection
	GlobalSection(ProjectConfigurationPlatforms) = postSolution
		{209F3940-7A5E-4347-BA0F-9A4E6D69FF6F}.Debug|Any CPU.ActiveCfg = Debug|Any CPU
		{209F3940-7A5E-4347-BA0F-9A4E6D69FF6F}.Debug|Any CPU.Build.0 = Debug|Any CPU
		{209F3940-7A5E-4347-BA0F-9A4E6D69FF6F}.Release|Any CPU.ActiveCfg = Release|Any CPU
		{209F3940-7A5E-4347-BA0F-9A4E6D69FF6F}.Release|Any CPU.Build.0 = Release|Any CPU
	EndGlobalSection
	GlobalSection(SolutionProperties) = preSolution
		HideSolutionNode = FALSE
	EndGlobalSection
	GlobalSection(ExtensibilityGlobals) = postSolution
		SolutionGuid = {94CCAE5B-F149-45DE-94DA-BBC95D7A637E}
	EndGlobalSection
EndGlobal
